
Microsoft Visual Studio Solution File, Format Version 12.00
# Visual Studio Version 17
VisualStudioVersion = 17.4.33213.308
MinimumVisualStudioVersion = 10.0.40219.1
Project("{9A19103F-16F7-4668-BE54-9A1E7A4F7556}") = "Lesson1_Operators", "Lesson1_Operators\Lesson1_Operators.csproj", "{5CAB6092-A71B-4136-86F9-96B21AF59CA9}"
EndProject
Project("{9A19103F-16F7-4668-BE54-9A1E7A4F7556}") = "Lesson2", "Lesson2\Lesson2.csproj", "{38971831-9F68-46B7-AD69-199E1990D045}"
EndProject
Project("{9A19103F-16F7-4668-BE54-9A1E7A4F7556}") = "Lesson3", "Lesson3\Lesson3.csproj", "{94586BC6-FC35-4A4E-884B-AF0B2E4DF03B}"
EndProject
Project("{9A19103F-16F7-4668-BE54-9A1E7A4F7556}") = "Lesson4", "Lesson4\Lesson4.csproj", "{1D571AB9-53E8-40F1-9ADB-EF22703C8FF3}"
EndProject
Project("{9A19103F-16F7-4668-BE54-9A1E7A4F7556}") = "Lesson5", "Lesson5\Lesson5.csproj", "{800E5648-C986-4BD5-804B-3035EC86A17B}"
EndProject
Project("{9A19103F-16F7-4668-BE54-9A1E7A4F7556}") = "Lesson6", "Lesson6\Lesson6.csproj", "{C1CCB493-6C49-4705-87E1-243D5424A589}"
EndProject
Project("{9A19103F-16F7-4668-BE54-9A1E7A4F7556}") = "Lesson7", "Lesson7\Lesson7.csproj", "{486EA653-48AB-4090-A150-CD94C3746DFE}"
EndProject
Project("{9A19103F-16F7-4668-BE54-9A1E7A4F7556}") = "Lesson8", "Lesson8\Lesson8.csproj", "{8E52B7BB-356F-4A3A-920B-D733A9A0E594}"
EndProject
Project("{9A19103F-16F7-4668-BE54-9A1E7A4F7556}") = "Lesson9", "Lesson9\Lesson9.csproj", "{AD3FBD13-4B3B-4DF0-BCD9-2669E91F8088}"
EndProject
Project("{9A19103F-16F7-4668-BE54-9A1E7A4F7556}") = "Lesson10", "Lesson10\Lesson10.csproj", "{C0C1D39D-619C-400E-AFD1-6405DB3534F5}"
EndProject
Project("{9A19103F-16F7-4668-BE54-9A1E7A4F7556}") = "Lesson11_Overloading", "Lesson11\Lesson11_Overloading.csproj", "{3C4FDFC0-F1D3-457D-91ED-7880A0DC2529}"
EndProject
Project("{9A19103F-16F7-4668-BE54-9A1E7A4F7556}") = "Lesson12", "Lesson12\Lesson12.csproj", "{2124CBFC-10BD-4954-84C3-870BE2D31597}"
EndProject
Project("{9A19103F-16F7-4668-BE54-9A1E7A4F7556}") = "Lesson13", "Lesson13\Lesson13.csproj", "{F8A0CD0D-EE37-43D8-B763-310BB7D235E1}"
EndProject
Project("{9A19103F-16F7-4668-BE54-9A1E7A4F7556}") = "Lesson14", "Lesson14\Lesson14.csproj", "{F7E9A53C-73B0-42E6-A0F6-16320AC413D9}"
EndProject
Project("{9A19103F-16F7-4668-BE54-9A1E7A4F7556}") = "Lesson15", "Lesson15\Lesson15.csproj", "{3CBF24D3-E27E-46C4-B82C-A1664E35D7A9}"
EndProject
Project("{9A19103F-16F7-4668-BE54-9A1E7A4F7556}") = "Lesson17", "Lesson17\Lesson17.csproj", "{B91854FE-8A8C-452E-8BDF-4EEA213FBD80}"
EndProject
Project("{9A19103F-16F7-4668-BE54-9A1E7A4F7556}") = "Lesson18", "Lesson18\Lesson18.csproj", "{888C0587-8614-4515-A408-3DC2B1D59902}"
EndProject
Project("{9A19103F-16F7-4668-BE54-9A1E7A4F7556}") = "Lesson19", "Lesson19\Lesson19.csproj", "{5007285E-1FAE-41FE-AD23-0F23D231071E}"
EndProject
Project("{9A19103F-16F7-4668-BE54-9A1E7A4F7556}") = "Lesson20_CurrencyExchange", "Lesson20_CurrencyExchange\Lesson20_CurrencyExchange.csproj", "{6C22B17B-0E72-485E-AE3F-B3549A1CD593}"
EndProject
Project("{9A19103F-16F7-4668-BE54-9A1E7A4F7556}") = "Lesson21", "Lesson21\Lesson21.csproj", "{8B0F15DC-8098-4E53-B7B7-BC16DEA9BF6A}"
EndProject
Project("{9A19103F-16F7-4668-BE54-9A1E7A4F7556}") = "Lesson22_Inheritance", "Lesson22_Inheritance\Lesson22_Inheritance.csproj", "{885F1DA0-D85D-4719-BC00-2DC6E6052655}"
EndProject
Project("{9A19103F-16F7-4668-BE54-9A1E7A4F7556}") = "Lesson23Car", "Lesson23Car\Lesson23Car.csproj", "{14F60C77-E134-4E52-AED7-44AD7FDE8B1A}"
EndProject
Project("{9A19103F-16F7-4668-BE54-9A1E7A4F7556}") = "Lesson24_OOP_Homework1", "Lesson24_OOP_Homework1\Lesson24_OOP_Homework1.csproj", "{6FEBB990-FDE2-4E94-909D-CAB991B89C35}"
EndProject
Project("{9A19103F-16F7-4668-BE54-9A1E7A4F7556}") = "Lesson25_Polimorphism_Dynamic_Static", "Lesson_25_Polimorphism\Lesson25_Polimorphism_Dynamic_Static.csproj", "{479704BC-B1FD-4F8F-8F4D-6F4C37FD607C}"
EndProject
Project("{9A19103F-16F7-4668-BE54-9A1E7A4F7556}") = "Lesson26_Polimorphism", "Lesson26_Polimorphism\Lesson26_Polimorphism.csproj", "{23998643-3722-4DE4-9AE4-4D6F8D4E53C5}"
EndProject
Project("{9A19103F-16F7-4668-BE54-9A1E7A4F7556}") = "Lesson27_Animal_Polimorpism", "Lesson27_Animal_Polimorpism\Lesson27_Animal_Polimorpism.csproj", "{F1DF86B2-A139-4FD5-B91A-E87609427B5C}"
EndProject
Project("{9A19103F-16F7-4668-BE54-9A1E7A4F7556}") = "Lesson28_Animal_Abstraction", "Lesson28_Animal_Abstraction\Lesson28_Animal_Abstraction.csproj", "{C91DADE6-8C2D-4CD5-8E26-6FF58230F9E9}"
EndProject
Project("{9A19103F-16F7-4668-BE54-9A1E7A4F7556}") = "Lesson29", "Lesson29\Lesson29.csproj", "{144E0A74-6D4C-4AD7-9A03-4235B441072B}"
EndProject
Project("{FAE04EC0-301F-11D3-BF4B-00C04F79EFBC}") = "Lesson30_Delegate", "Lesson30_SalaryByDelegate\Lesson30_Delegate.csproj", "{B9CA0E87-CE0D-4DC4-8106-FF836C0B1E39}"
EndProject
Project("{FAE04EC0-301F-11D3-BF4B-00C04F79EFBC}") = "Lesson31_Generic", "Lesson31_Generic\Lesson31_Generic.csproj", "{02AE99CF-7A91-42CC-944E-33D4021562CA}"
EndProject
Project("{FAE04EC0-301F-11D3-BF4B-00C04F79EFBC}") = "Lesson32_WPF_Calculator", "Lesson32_WPF_Calculator\Lesson32_WPF_Calculator.csproj", "{9F98F375-83C5-40A6-864D-79B26E3163CE}"
EndProject
Global
	GlobalSection(SolutionConfigurationPlatforms) = preSolution
		Debug|Any CPU = Debug|Any CPU
		Release|Any CPU = Release|Any CPU
	EndGlobalSection
	GlobalSection(ProjectConfigurationPlatforms) = postSolution
		{5CAB6092-A71B-4136-86F9-96B21AF59CA9}.Debug|Any CPU.ActiveCfg = Debug|Any CPU
		{5CAB6092-A71B-4136-86F9-96B21AF59CA9}.Debug|Any CPU.Build.0 = Debug|Any CPU
		{5CAB6092-A71B-4136-86F9-96B21AF59CA9}.Release|Any CPU.ActiveCfg = Release|Any CPU
		{5CAB6092-A71B-4136-86F9-96B21AF59CA9}.Release|Any CPU.Build.0 = Release|Any CPU
		{38971831-9F68-46B7-AD69-199E1990D045}.Debug|Any CPU.ActiveCfg = Debug|Any CPU
		{38971831-9F68-46B7-AD69-199E1990D045}.Debug|Any CPU.Build.0 = Debug|Any CPU
		{38971831-9F68-46B7-AD69-199E1990D045}.Release|Any CPU.ActiveCfg = Release|Any CPU
		{38971831-9F68-46B7-AD69-199E1990D045}.Release|Any CPU.Build.0 = Release|Any CPU
		{94586BC6-FC35-4A4E-884B-AF0B2E4DF03B}.Debug|Any CPU.ActiveCfg = Debug|Any CPU
		{94586BC6-FC35-4A4E-884B-AF0B2E4DF03B}.Debug|Any CPU.Build.0 = Debug|Any CPU
		{94586BC6-FC35-4A4E-884B-AF0B2E4DF03B}.Release|Any CPU.ActiveCfg = Release|Any CPU
		{94586BC6-FC35-4A4E-884B-AF0B2E4DF03B}.Release|Any CPU.Build.0 = Release|Any CPU
		{1D571AB9-53E8-40F1-9ADB-EF22703C8FF3}.Debug|Any CPU.ActiveCfg = Debug|Any CPU
		{1D571AB9-53E8-40F1-9ADB-EF22703C8FF3}.Debug|Any CPU.Build.0 = Debug|Any CPU
		{1D571AB9-53E8-40F1-9ADB-EF22703C8FF3}.Release|Any CPU.ActiveCfg = Release|Any CPU
		{1D571AB9-53E8-40F1-9ADB-EF22703C8FF3}.Release|Any CPU.Build.0 = Release|Any CPU
		{800E5648-C986-4BD5-804B-3035EC86A17B}.Debug|Any CPU.ActiveCfg = Debug|Any CPU
		{800E5648-C986-4BD5-804B-3035EC86A17B}.Debug|Any CPU.Build.0 = Debug|Any CPU
		{800E5648-C986-4BD5-804B-3035EC86A17B}.Release|Any CPU.ActiveCfg = Release|Any CPU
		{800E5648-C986-4BD5-804B-3035EC86A17B}.Release|Any CPU.Build.0 = Release|Any CPU
		{C1CCB493-6C49-4705-87E1-243D5424A589}.Debug|Any CPU.ActiveCfg = Debug|Any CPU
		{C1CCB493-6C49-4705-87E1-243D5424A589}.Debug|Any CPU.Build.0 = Debug|Any CPU
		{C1CCB493-6C49-4705-87E1-243D5424A589}.Release|Any CPU.ActiveCfg = Release|Any CPU
		{C1CCB493-6C49-4705-87E1-243D5424A589}.Release|Any CPU.Build.0 = Release|Any CPU
		{486EA653-48AB-4090-A150-CD94C3746DFE}.Debug|Any CPU.ActiveCfg = Debug|Any CPU
		{486EA653-48AB-4090-A150-CD94C3746DFE}.Debug|Any CPU.Build.0 = Debug|Any CPU
		{486EA653-48AB-4090-A150-CD94C3746DFE}.Release|Any CPU.ActiveCfg = Release|Any CPU
		{486EA653-48AB-4090-A150-CD94C3746DFE}.Release|Any CPU.Build.0 = Release|Any CPU
		{8E52B7BB-356F-4A3A-920B-D733A9A0E594}.Debug|Any CPU.ActiveCfg = Debug|Any CPU
		{8E52B7BB-356F-4A3A-920B-D733A9A0E594}.Debug|Any CPU.Build.0 = Debug|Any CPU
		{8E52B7BB-356F-4A3A-920B-D733A9A0E594}.Release|Any CPU.ActiveCfg = Release|Any CPU
		{8E52B7BB-356F-4A3A-920B-D733A9A0E594}.Release|Any CPU.Build.0 = Release|Any CPU
		{AD3FBD13-4B3B-4DF0-BCD9-2669E91F8088}.Debug|Any CPU.ActiveCfg = Debug|Any CPU
		{AD3FBD13-4B3B-4DF0-BCD9-2669E91F8088}.Debug|Any CPU.Build.0 = Debug|Any CPU
		{AD3FBD13-4B3B-4DF0-BCD9-2669E91F8088}.Release|Any CPU.ActiveCfg = Release|Any CPU
		{AD3FBD13-4B3B-4DF0-BCD9-2669E91F8088}.Release|Any CPU.Build.0 = Release|Any CPU
		{C0C1D39D-619C-400E-AFD1-6405DB3534F5}.Debug|Any CPU.ActiveCfg = Debug|Any CPU
		{C0C1D39D-619C-400E-AFD1-6405DB3534F5}.Debug|Any CPU.Build.0 = Debug|Any CPU
		{C0C1D39D-619C-400E-AFD1-6405DB3534F5}.Release|Any CPU.ActiveCfg = Release|Any CPU
		{C0C1D39D-619C-400E-AFD1-6405DB3534F5}.Release|Any CPU.Build.0 = Release|Any CPU
		{3C4FDFC0-F1D3-457D-91ED-7880A0DC2529}.Debug|Any CPU.ActiveCfg = Debug|Any CPU
		{3C4FDFC0-F1D3-457D-91ED-7880A0DC2529}.Debug|Any CPU.Build.0 = Debug|Any CPU
		{3C4FDFC0-F1D3-457D-91ED-7880A0DC2529}.Release|Any CPU.ActiveCfg = Release|Any CPU
		{3C4FDFC0-F1D3-457D-91ED-7880A0DC2529}.Release|Any CPU.Build.0 = Release|Any CPU
		{2124CBFC-10BD-4954-84C3-870BE2D31597}.Debug|Any CPU.ActiveCfg = Debug|Any CPU
		{2124CBFC-10BD-4954-84C3-870BE2D31597}.Debug|Any CPU.Build.0 = Debug|Any CPU
		{2124CBFC-10BD-4954-84C3-870BE2D31597}.Release|Any CPU.ActiveCfg = Release|Any CPU
		{2124CBFC-10BD-4954-84C3-870BE2D31597}.Release|Any CPU.Build.0 = Release|Any CPU
		{F8A0CD0D-EE37-43D8-B763-310BB7D235E1}.Debug|Any CPU.ActiveCfg = Debug|Any CPU
		{F8A0CD0D-EE37-43D8-B763-310BB7D235E1}.Debug|Any CPU.Build.0 = Debug|Any CPU
		{F8A0CD0D-EE37-43D8-B763-310BB7D235E1}.Release|Any CPU.ActiveCfg = Release|Any CPU
		{F8A0CD0D-EE37-43D8-B763-310BB7D235E1}.Release|Any CPU.Build.0 = Release|Any CPU
		{F7E9A53C-73B0-42E6-A0F6-16320AC413D9}.Debug|Any CPU.ActiveCfg = Debug|Any CPU
		{F7E9A53C-73B0-42E6-A0F6-16320AC413D9}.Debug|Any CPU.Build.0 = Debug|Any CPU
		{F7E9A53C-73B0-42E6-A0F6-16320AC413D9}.Release|Any CPU.ActiveCfg = Release|Any CPU
		{F7E9A53C-73B0-42E6-A0F6-16320AC413D9}.Release|Any CPU.Build.0 = Release|Any CPU
		{3CBF24D3-E27E-46C4-B82C-A1664E35D7A9}.Debug|Any CPU.ActiveCfg = Debug|Any CPU
		{3CBF24D3-E27E-46C4-B82C-A1664E35D7A9}.Debug|Any CPU.Build.0 = Debug|Any CPU
		{3CBF24D3-E27E-46C4-B82C-A1664E35D7A9}.Release|Any CPU.ActiveCfg = Release|Any CPU
		{3CBF24D3-E27E-46C4-B82C-A1664E35D7A9}.Release|Any CPU.Build.0 = Release|Any CPU
		{B91854FE-8A8C-452E-8BDF-4EEA213FBD80}.Debug|Any CPU.ActiveCfg = Debug|Any CPU
		{B91854FE-8A8C-452E-8BDF-4EEA213FBD80}.Debug|Any CPU.Build.0 = Debug|Any CPU
		{B91854FE-8A8C-452E-8BDF-4EEA213FBD80}.Release|Any CPU.ActiveCfg = Release|Any CPU
		{B91854FE-8A8C-452E-8BDF-4EEA213FBD80}.Release|Any CPU.Build.0 = Release|Any CPU
		{888C0587-8614-4515-A408-3DC2B1D59902}.Debug|Any CPU.ActiveCfg = Debug|Any CPU
		{888C0587-8614-4515-A408-3DC2B1D59902}.Debug|Any CPU.Build.0 = Debug|Any CPU
		{888C0587-8614-4515-A408-3DC2B1D59902}.Release|Any CPU.ActiveCfg = Release|Any CPU
		{888C0587-8614-4515-A408-3DC2B1D59902}.Release|Any CPU.Build.0 = Release|Any CPU
		{5007285E-1FAE-41FE-AD23-0F23D231071E}.Debug|Any CPU.ActiveCfg = Debug|Any CPU
		{5007285E-1FAE-41FE-AD23-0F23D231071E}.Debug|Any CPU.Build.0 = Debug|Any CPU
		{5007285E-1FAE-41FE-AD23-0F23D231071E}.Release|Any CPU.ActiveCfg = Release|Any CPU
		{5007285E-1FAE-41FE-AD23-0F23D231071E}.Release|Any CPU.Build.0 = Release|Any CPU
		{6C22B17B-0E72-485E-AE3F-B3549A1CD593}.Debug|Any CPU.ActiveCfg = Debug|Any CPU
		{6C22B17B-0E72-485E-AE3F-B3549A1CD593}.Debug|Any CPU.Build.0 = Debug|Any CPU
		{6C22B17B-0E72-485E-AE3F-B3549A1CD593}.Release|Any CPU.ActiveCfg = Release|Any CPU
		{6C22B17B-0E72-485E-AE3F-B3549A1CD593}.Release|Any CPU.Build.0 = Release|Any CPU
		{8B0F15DC-8098-4E53-B7B7-BC16DEA9BF6A}.Debug|Any CPU.ActiveCfg = Debug|Any CPU
		{8B0F15DC-8098-4E53-B7B7-BC16DEA9BF6A}.Debug|Any CPU.Build.0 = Debug|Any CPU
		{8B0F15DC-8098-4E53-B7B7-BC16DEA9BF6A}.Release|Any CPU.ActiveCfg = Release|Any CPU
		{8B0F15DC-8098-4E53-B7B7-BC16DEA9BF6A}.Release|Any CPU.Build.0 = Release|Any CPU
		{885F1DA0-D85D-4719-BC00-2DC6E6052655}.Debug|Any CPU.ActiveCfg = Debug|Any CPU
		{885F1DA0-D85D-4719-BC00-2DC6E6052655}.Debug|Any CPU.Build.0 = Debug|Any CPU
		{885F1DA0-D85D-4719-BC00-2DC6E6052655}.Release|Any CPU.ActiveCfg = Release|Any CPU
		{885F1DA0-D85D-4719-BC00-2DC6E6052655}.Release|Any CPU.Build.0 = Release|Any CPU
		{14F60C77-E134-4E52-AED7-44AD7FDE8B1A}.Debug|Any CPU.ActiveCfg = Debug|Any CPU
		{14F60C77-E134-4E52-AED7-44AD7FDE8B1A}.Debug|Any CPU.Build.0 = Debug|Any CPU
		{14F60C77-E134-4E52-AED7-44AD7FDE8B1A}.Release|Any CPU.ActiveCfg = Release|Any CPU
		{14F60C77-E134-4E52-AED7-44AD7FDE8B1A}.Release|Any CPU.Build.0 = Release|Any CPU
		{6FEBB990-FDE2-4E94-909D-CAB991B89C35}.Debug|Any CPU.ActiveCfg = Debug|Any CPU
		{6FEBB990-FDE2-4E94-909D-CAB991B89C35}.Debug|Any CPU.Build.0 = Debug|Any CPU
		{6FEBB990-FDE2-4E94-909D-CAB991B89C35}.Release|Any CPU.ActiveCfg = Release|Any CPU
		{6FEBB990-FDE2-4E94-909D-CAB991B89C35}.Release|Any CPU.Build.0 = Release|Any CPU
		{479704BC-B1FD-4F8F-8F4D-6F4C37FD607C}.Debug|Any CPU.ActiveCfg = Debug|Any CPU
		{479704BC-B1FD-4F8F-8F4D-6F4C37FD607C}.Debug|Any CPU.Build.0 = Debug|Any CPU
		{479704BC-B1FD-4F8F-8F4D-6F4C37FD607C}.Release|Any CPU.ActiveCfg = Release|Any CPU
		{479704BC-B1FD-4F8F-8F4D-6F4C37FD607C}.Release|Any CPU.Build.0 = Release|Any CPU
		{23998643-3722-4DE4-9AE4-4D6F8D4E53C5}.Debug|Any CPU.ActiveCfg = Debug|Any CPU
		{23998643-3722-4DE4-9AE4-4D6F8D4E53C5}.Debug|Any CPU.Build.0 = Debug|Any CPU
		{23998643-3722-4DE4-9AE4-4D6F8D4E53C5}.Release|Any CPU.ActiveCfg = Release|Any CPU
		{23998643-3722-4DE4-9AE4-4D6F8D4E53C5}.Release|Any CPU.Build.0 = Release|Any CPU
		{F1DF86B2-A139-4FD5-B91A-E87609427B5C}.Debug|Any CPU.ActiveCfg = Debug|Any CPU
		{F1DF86B2-A139-4FD5-B91A-E87609427B5C}.Debug|Any CPU.Build.0 = Debug|Any CPU
		{F1DF86B2-A139-4FD5-B91A-E87609427B5C}.Release|Any CPU.ActiveCfg = Release|Any CPU
		{F1DF86B2-A139-4FD5-B91A-E87609427B5C}.Release|Any CPU.Build.0 = Release|Any CPU
		{C91DADE6-8C2D-4CD5-8E26-6FF58230F9E9}.Debug|Any CPU.ActiveCfg = Debug|Any CPU
		{C91DADE6-8C2D-4CD5-8E26-6FF58230F9E9}.Debug|Any CPU.Build.0 = Debug|Any CPU
		{C91DADE6-8C2D-4CD5-8E26-6FF58230F9E9}.Release|Any CPU.ActiveCfg = Release|Any CPU
		{C91DADE6-8C2D-4CD5-8E26-6FF58230F9E9}.Release|Any CPU.Build.0 = Release|Any CPU
		{144E0A74-6D4C-4AD7-9A03-4235B441072B}.Debug|Any CPU.ActiveCfg = Debug|Any CPU
		{144E0A74-6D4C-4AD7-9A03-4235B441072B}.Debug|Any CPU.Build.0 = Debug|Any CPU
		{144E0A74-6D4C-4AD7-9A03-4235B441072B}.Release|Any CPU.ActiveCfg = Release|Any CPU
		{144E0A74-6D4C-4AD7-9A03-4235B441072B}.Release|Any CPU.Build.0 = Release|Any CPU
		{B9CA0E87-CE0D-4DC4-8106-FF836C0B1E39}.Debug|Any CPU.ActiveCfg = Debug|Any CPU
		{B9CA0E87-CE0D-4DC4-8106-FF836C0B1E39}.Debug|Any CPU.Build.0 = Debug|Any CPU
		{B9CA0E87-CE0D-4DC4-8106-FF836C0B1E39}.Release|Any CPU.ActiveCfg = Release|Any CPU
		{B9CA0E87-CE0D-4DC4-8106-FF836C0B1E39}.Release|Any CPU.Build.0 = Release|Any CPU
		{02AE99CF-7A91-42CC-944E-33D4021562CA}.Debug|Any CPU.ActiveCfg = Debug|Any CPU
		{02AE99CF-7A91-42CC-944E-33D4021562CA}.Debug|Any CPU.Build.0 = Debug|Any CPU
		{02AE99CF-7A91-42CC-944E-33D4021562CA}.Release|Any CPU.ActiveCfg = Release|Any CPU
		{02AE99CF-7A91-42CC-944E-33D4021562CA}.Release|Any CPU.Build.0 = Release|Any CPU
		{9F98F375-83C5-40A6-864D-79B26E3163CE}.Debug|Any CPU.ActiveCfg = Debug|Any CPU
		{9F98F375-83C5-40A6-864D-79B26E3163CE}.Debug|Any CPU.Build.0 = Debug|Any CPU
		{9F98F375-83C5-40A6-864D-79B26E3163CE}.Release|Any CPU.ActiveCfg = Release|Any CPU
		{9F98F375-83C5-40A6-864D-79B26E3163CE}.Release|Any CPU.Build.0 = Release|Any CPU
	EndGlobalSection
	GlobalSection(SolutionProperties) = preSolution
		HideSolutionNode = FALSE
	EndGlobalSection
	GlobalSection(ExtensibilityGlobals) = postSolution
		SolutionGuid = {FEDC277A-FC5E-4D75-8FF5-7108BEE8A8D8}
	EndGlobalSection
EndGlobal
